
Microsoft Visual Studio Solution File, Format Version 12.00
# Visual Studio 15
VisualStudioVersion = 15.0.27130.2036
MinimumVisualStudioVersion = 10.0.40219.1
Project("{FAE04EC0-301F-11D3-BF4B-00C04F79EFBC}") = "NautilusFT", "NautilusFT\NautilusFT.csproj", "{58EC5ED3-AE9F-4CD7-9572-A41BC456588D}"
EndProject
Global
	GlobalSection(SolutionConfigurationPlatforms) = preSolution
		Debug|Any CPU = Debug|Any CPU
		Debug|x64 = Debug|x64
		Release|Any CPU = Release|Any CPU
		Release|x64 = Release|x64
	EndGlobalSection
	GlobalSection(ProjectConfigurationPlatforms) = postSolution
		{58EC5ED3-AE9F-4CD7-9572-A41BC456588D}.Debug|Any CPU.ActiveCfg = Debug|Any CPU
		{58EC5ED3-AE9F-4CD7-9572-A41BC456588D}.Debug|Any CPU.Build.0 = Debug|Any CPU
		{58EC5ED3-AE9F-4CD7-9572-A41BC456588D}.Debug|x64.ActiveCfg = Debug|x64
		{58EC5ED3-AE9F-4CD7-9572-A41BC456588D}.Debug|x64.Build.0 = Debug|x64
		{58EC5ED3-AE9F-4CD7-9572-A41BC456588D}.Release|Any CPU.ActiveCfg = Release|Any CPU
		{58EC5ED3-AE9F-4CD7-9572-A41BC456588D}.Release|Any CPU.Build.0 = Release|Any CPU
		{58EC5ED3-AE9F-4CD7-9572-A41BC456588D}.Release|x64.ActiveCfg = Release|x64
		{58EC5ED3-AE9F-4CD7-9572-A41BC456588D}.Release|x64.Build.0 = Release|x64
	EndGlobalSection
	GlobalSection(SolutionProperties) = preSolution
		HideSolutionNode = FALSE
	EndGlobalSection
	GlobalSection(ExtensibilityGlobals) = postSolution
		SolutionGuid = {8A907D0C-3DF8-4E2F-9E06-EC9010A7CD11}
	EndGlobalSection
EndGlobal
